
Microsoft Visual Studio Solution File, Format Version 12.00
# Visual Studio Version 17
VisualStudioVersion = 17.0.31903.59
MinimumVisualStudioVersion = 10.0.40219.1
Project("{FAE04EC0-301F-11D3-BF4B-00C04F79EFBC}") = "CSFParser.Lib", "CSFParser.Lib\CSFParser.Lib.csproj", "{3970ACBF-9AB2-4BA8-8775-CA431F188052}"
EndProject
Project("{FAE04EC0-301F-11D3-BF4B-00C04F79EFBC}") = "CSFParser.Demo", "CSFParser.Demo\CSFParser.Demo.csproj", "{5B350214-B220-4FE6-BCFC-2328251AAFA9}"
EndProject
Global
	GlobalSection(SolutionConfigurationPlatforms) = preSolution
		Debug|Any CPU = Debug|Any CPU
		Release|Any CPU = Release|Any CPU
	EndGlobalSection
	GlobalSection(SolutionProperties) = preSolution
		HideSolutionNode = FALSE
	EndGlobalSection
	GlobalSection(ProjectConfigurationPlatforms) = postSolution
		{3970ACBF-9AB2-4BA8-8775-CA431F188052}.Debug|Any CPU.ActiveCfg = Debug|Any CPU
		{3970ACBF-9AB2-4BA8-8775-CA431F188052}.Debug|Any CPU.Build.0 = Debug|Any CPU
		{3970ACBF-9AB2-4BA8-8775-CA431F188052}.Release|Any CPU.ActiveCfg = Release|Any CPU
		{3970ACBF-9AB2-4BA8-8775-CA431F188052}.Release|Any CPU.Build.0 = Release|Any CPU
		{5B350214-B220-4FE6-BCFC-2328251AAFA9}.Debug|Any CPU.ActiveCfg = Debug|Any CPU
		{5B350214-B220-4FE6-BCFC-2328251AAFA9}.Debug|Any CPU.Build.0 = Debug|Any CPU
		{5B350214-B220-4FE6-BCFC-2328251AAFA9}.Release|Any CPU.ActiveCfg = Release|Any CPU
		{5B350214-B220-4FE6-BCFC-2328251AAFA9}.Release|Any CPU.Build.0 = Release|Any CPU
	EndGlobalSection
EndGlobal
